
Microsoft Visual Studio Solution File, Format Version 12.00
# Visual Studio Version 16
VisualStudioVersion = 16.0.33423.256
MinimumVisualStudioVersion = 10.0.40219.1
Project("{2150E333-8FDC-42A3-9474-1A3956D46DE8}") = "ApiConsume", "ApiConsume", "{7BD2A052-A1AB-4D46-A055-5F56CA543B16}"
EndProject
Project("{2150E333-8FDC-42A3-9474-1A3956D46DE8}") = "FrontEnd", "FrontEnd", "{CB85BA69-A767-4A68-84D2-4BADD7CEA192}"
EndProject
Project("{9A19103F-16F7-4668-BE54-9A1E7A4F7556}") = "HotelApi", "ApiConsume\WebApplication1\HotelApi.csproj", "{35F7D611-49C1-4C23-829A-B5D5C8D5071E}"
	ProjectSection(ProjectDependencies) = postProject
		{BF859DA1-BC31-48B7-8C08-69954C6D5C86} = {BF859DA1-BC31-48B7-8C08-69954C6D5C86}
		{55612BB9-40E1-4CA7-B14C-BF60851065E5} = {55612BB9-40E1-4CA7-B14C-BF60851065E5}
		{FEBF47DC-5E53-4594-B83A-CC322F5750B9} = {FEBF47DC-5E53-4594-B83A-CC322F5750B9}
		{F016BDE9-B31A-477B-8D6C-A6B59BEE56B1} = {F016BDE9-B31A-477B-8D6C-A6B59BEE56B1}
	EndProjectSection
EndProject
Project("{9A19103F-16F7-4668-BE54-9A1E7A4F7556}") = "BusinessLayer", "ApiConsume\BusinessLayer\BusinessLayer.csproj", "{BF859DA1-BC31-48B7-8C08-69954C6D5C86}"
	ProjectSection(ProjectDependencies) = postProject
		{FEBF47DC-5E53-4594-B83A-CC322F5750B9} = {FEBF47DC-5E53-4594-B83A-CC322F5750B9}
		{F016BDE9-B31A-477B-8D6C-A6B59BEE56B1} = {F016BDE9-B31A-477B-8D6C-A6B59BEE56B1}
	EndProjectSection
EndProject
Project("{9A19103F-16F7-4668-BE54-9A1E7A4F7556}") = "EntityLayer", "ApiConsume\EntityLayer\EntityLayer.csproj", "{F016BDE9-B31A-477B-8D6C-A6B59BEE56B1}"
EndProject
Project("{9A19103F-16F7-4668-BE54-9A1E7A4F7556}") = "DataAccessLayer", "ApiConsume\DataAccessLayer\DataAccessLayer.csproj", "{FEBF47DC-5E53-4594-B83A-CC322F5750B9}"
	ProjectSection(ProjectDependencies) = postProject
		{F016BDE9-B31A-477B-8D6C-A6B59BEE56B1} = {F016BDE9-B31A-477B-8D6C-A6B59BEE56B1}
	EndProjectSection
EndProject
Project("{9A19103F-16F7-4668-BE54-9A1E7A4F7556}") = "DtoLayer", "ApiConsume\DtoLayer\DtoLayer.csproj", "{55612BB9-40E1-4CA7-B14C-BF60851065E5}"
	ProjectSection(ProjectDependencies) = postProject
		{F016BDE9-B31A-477B-8D6C-A6B59BEE56B1} = {F016BDE9-B31A-477B-8D6C-A6B59BEE56B1}
	EndProjectSection
EndProject
Project("{9A19103F-16F7-4668-BE54-9A1E7A4F7556}") = "WebUI", "FrontEnd\WebUI\WebUI.csproj", "{63346C2B-E5D9-4080-88A9-81A8D00ED0D3}"
EndProject
Global
	GlobalSection(SolutionConfigurationPlatforms) = preSolution
		Debug|Any CPU = Debug|Any CPU
		Release|Any CPU = Release|Any CPU
	EndGlobalSection
	GlobalSection(ProjectConfigurationPlatforms) = postSolution
		{35F7D611-49C1-4C23-829A-B5D5C8D5071E}.Debug|Any CPU.ActiveCfg = Debug|Any CPU
		{35F7D611-49C1-4C23-829A-B5D5C8D5071E}.Debug|Any CPU.Build.0 = Debug|Any CPU
		{35F7D611-49C1-4C23-829A-B5D5C8D5071E}.Release|Any CPU.ActiveCfg = Release|Any CPU
		{35F7D611-49C1-4C23-829A-B5D5C8D5071E}.Release|Any CPU.Build.0 = Release|Any CPU
		{BF859DA1-BC31-48B7-8C08-69954C6D5C86}.Debug|Any CPU.ActiveCfg = Debug|Any CPU
		{BF859DA1-BC31-48B7-8C08-69954C6D5C86}.Debug|Any CPU.Build.0 = Debug|Any CPU
		{BF859DA1-BC31-48B7-8C08-69954C6D5C86}.Release|Any CPU.ActiveCfg = Release|Any CPU
		{BF859DA1-BC31-48B7-8C08-69954C6D5C86}.Release|Any CPU.Build.0 = Release|Any CPU
		{F016BDE9-B31A-477B-8D6C-A6B59BEE56B1}.Debug|Any CPU.ActiveCfg = Debug|Any CPU
		{F016BDE9-B31A-477B-8D6C-A6B59BEE56B1}.Debug|Any CPU.Build.0 = Debug|Any CPU
		{F016BDE9-B31A-477B-8D6C-A6B59BEE56B1}.Release|Any CPU.ActiveCfg = Release|Any CPU
		{F016BDE9-B31A-477B-8D6C-A6B59BEE56B1}.Release|Any CPU.Build.0 = Release|Any CPU
		{FEBF47DC-5E53-4594-B83A-CC322F5750B9}.Debug|Any CPU.ActiveCfg = Debug|Any CPU
		{FEBF47DC-5E53-4594-B83A-CC322F5750B9}.Debug|Any CPU.Build.0 = Debug|Any CPU
		{FEBF47DC-5E53-4594-B83A-CC322F5750B9}.Release|Any CPU.ActiveCfg = Release|Any CPU
		{FEBF47DC-5E53-4594-B83A-CC322F5750B9}.Release|Any CPU.Build.0 = Release|Any CPU
		{55612BB9-40E1-4CA7-B14C-BF60851065E5}.Debug|Any CPU.ActiveCfg = Debug|Any CPU
		{55612BB9-40E1-4CA7-B14C-BF60851065E5}.Debug|Any CPU.Build.0 = Debug|Any CPU
		{55612BB9-40E1-4CA7-B14C-BF60851065E5}.Release|Any CPU.ActiveCfg = Release|Any CPU
		{55612BB9-40E1-4CA7-B14C-BF60851065E5}.Release|Any CPU.Build.0 = Release|Any CPU
		{63346C2B-E5D9-4080-88A9-81A8D00ED0D3}.Debug|Any CPU.ActiveCfg = Debug|Any CPU
		{63346C2B-E5D9-4080-88A9-81A8D00ED0D3}.Debug|Any CPU.Build.0 = Debug|Any CPU
		{63346C2B-E5D9-4080-88A9-81A8D00ED0D3}.Release|Any CPU.ActiveCfg = Release|Any CPU
		{63346C2B-E5D9-4080-88A9-81A8D00ED0D3}.Release|Any CPU.Build.0 = Release|Any CPU
	EndGlobalSection
	GlobalSection(SolutionProperties) = preSolution
		HideSolutionNode = FALSE
	EndGlobalSection
	GlobalSection(NestedProjects) = preSolution
		{35F7D611-49C1-4C23-829A-B5D5C8D5071E} = {7BD2A052-A1AB-4D46-A055-5F56CA543B16}
		{BF859DA1-BC31-48B7-8C08-69954C6D5C86} = {7BD2A052-A1AB-4D46-A055-5F56CA543B16}
		{F016BDE9-B31A-477B-8D6C-A6B59BEE56B1} = {7BD2A052-A1AB-4D46-A055-5F56CA543B16}
		{FEBF47DC-5E53-4594-B83A-CC322F5750B9} = {7BD2A052-A1AB-4D46-A055-5F56CA543B16}
		{55612BB9-40E1-4CA7-B14C-BF60851065E5} = {7BD2A052-A1AB-4D46-A055-5F56CA543B16}
		{63346C2B-E5D9-4080-88A9-81A8D00ED0D3} = {CB85BA69-A767-4A68-84D2-4BADD7CEA192}
	EndGlobalSection
	GlobalSection(ExtensibilityGlobals) = postSolution
		SolutionGuid = {F6A82849-EC70-4198-AA27-7E4372F42CE1}
	EndGlobalSection
EndGlobal
